
Microsoft Visual Studio Solution File, Format Version 12.00
# Visual Studio Version 17
VisualStudioVersion = 17.6.33801.468
MinimumVisualStudioVersion = 10.0.40219.1
Project("{2150E333-8FDC-42A3-9474-1A3956D46DE8}") = "src", "src", "{F70BB8CB-D2FE-43C4-8D4A-0D902759EB1D}"
EndProject
Project("{2150E333-8FDC-42A3-9474-1A3956D46DE8}") = "ApiGateways", "ApiGateways", "{38B8D40B-C2A2-4F52-ABA4-4D8E82F98C0D}"
EndProject
Project("{2150E333-8FDC-42A3-9474-1A3956D46DE8}") = "BuildingBlocks", "BuildingBlocks", "{1E71149F-259F-4B4F-BF64-B027C051C0A7}"
EndProject
Project("{2150E333-8FDC-42A3-9474-1A3956D46DE8}") = "Services", "Services", "{8EDAF74A-105C-4150-869F-3AA893DCA1C8}"
EndProject
Project("{2150E333-8FDC-42A3-9474-1A3956D46DE8}") = "UI", "UI", "{07F8C415-6923-470C-A48F-30AB2CC72D1B}"
EndProject
Project("{2150E333-8FDC-42A3-9474-1A3956D46DE8}") = "Identity", "Identity", "{E6AFE859-3018-4EA6-9D14-11A98564122F}"
EndProject
Project("{9A19103F-16F7-4668-BE54-9A1E7A4F7556}") = "Identity.API", "src\Services\Identity\Identity.API\Identity.API.csproj", "{535A89BC-AD47-426C-BA24-47D103258893}"
EndProject
Project("{2150E333-8FDC-42A3-9474-1A3956D46DE8}") = "Common", "Common", "{1A1E7789-20DD-48DA-9C6F-E4D77F4DEB22}"
EndProject
Project("{9A19103F-16F7-4668-BE54-9A1E7A4F7556}") = "Email.Service", "src\Services\Common\Email.Service\Email.Service.csproj", "{D7B020E9-F91E-4754-A841-B7BDDD238E99}"
EndProject
Project("{9A19103F-16F7-4668-BE54-9A1E7A4F7556}") = "FileParser.Service", "src\Services\Common\FileParser.Service\FileParser.Service.csproj", "{002C599B-4A3F-4E0A-8935-D550ACB05567}"
EndProject
Project("{9A19103F-16F7-4668-BE54-9A1E7A4F7556}") = "Service.Common", "src\Services\Common\Service.Common\Service.Common.csproj", "{592050CA-C5E5-43EF-8CB5-26EBBCC0C11C}"
EndProject
Project("{2150E333-8FDC-42A3-9474-1A3956D46DE8}") = "EventBus", "EventBus", "{3E08143B-B8B7-42E4-9DE3-B12A0F6EC60C}"
EndProject
Project("{9A19103F-16F7-4668-BE54-9A1E7A4F7556}") = "EventBus", "src\BuildingBlocks\EventBus\EventBus\EventBus.csproj", "{AB395BAA-0F5E-477E-8D71-7D39C5C92373}"
EndProject
Project("{9A19103F-16F7-4668-BE54-9A1E7A4F7556}") = "EventBusRabbitMQ", "src\BuildingBlocks\EventBus\EventBusRabbitMQ\EventBusRabbitMQ.csproj", "{BD271583-68AD-4638-8C96-15B72EEF28C5}"
EndProject
Project("{9A19103F-16F7-4668-BE54-9A1E7A4F7556}") = "IntegrationEventLogEF", "src\BuildingBlocks\EventBus\IntegrationEventLogEF\IntegrationEventLogEF.csproj", "{092CF4B4-6EBE-4473-B544-936E899DBE57}"
EndProject
Project("{9A19103F-16F7-4668-BE54-9A1E7A4F7556}") = "Identity.API.BackgroundTasks", "src\Services\Identity\Identity.API.BackgroundTasks\Identity.API.BackgroundTasks.csproj", "{6ECD86D6-53B0-4B65-B399-6BA1EC92F262}"
EndProject
Project("{9A19103F-16F7-4668-BE54-9A1E7A4F7556}") = "Identity.API.DAL", "src\Services\Identity\Identity.API.DAL\Identity.API.DAL.csproj", "{4D5A7F7F-B76A-4045-B224-F03FC2688CF4}"
EndProject
Project("{9A19103F-16F7-4668-BE54-9A1E7A4F7556}") = "Identity.API.Domain", "src\Services\Identity\Identity.API.Domain\Identity.API.Domain.csproj", "{85DA6FE7-7AAC-42DA-9E6F-49E3BFD1C16B}"
EndProject
Project("{9A19103F-16F7-4668-BE54-9A1E7A4F7556}") = "Identity.API.Models", "src\Services\Identity\Identity.API.Models\Identity.API.Models.csproj", "{B6B9A326-1244-4738-A62D-C2D554AD1C4F}"
EndProject
Project("{2150E333-8FDC-42A3-9474-1A3956D46DE8}") = ".Tools", ".Tools", "{66FCCEC5-ACDD-4F86-A10B-3F96D0FB1813}"
	ProjectSection(SolutionItems) = preProject
		.gitignore = .gitignore
	EndProjectSection
EndProject
Project("{2150E333-8FDC-42A3-9474-1A3956D46DE8}") = "Solution Items", "Solution Items", "{8B4167BF-FE8F-4F0D-B3A8-C45B1A3A9C1A}"
EndProject
Project("{2150E333-8FDC-42A3-9474-1A3956D46DE8}") = "tests", "tests", "{F3A422D7-0067-4EEC-A671-EF265F8D7AEA}"
EndProject
Project("{9A19103F-16F7-4668-BE54-9A1E7A4F7556}") = "EventBus.UnitTests", "src\BuildingBlocks\EventBus\tests\EventBus.UnitTests\EventBus.UnitTests.csproj", "{6D640B71-E439-4167-BA33-EFCCD9850C88}"
EndProject
Project("{2150E333-8FDC-42A3-9474-1A3956D46DE8}") = "tests", "tests", "{85CDF727-4EE3-43DC-905A-9DF62279C79B}"
EndProject
Project("{9A19103F-16F7-4668-BE54-9A1E7A4F7556}") = "Identity.FunctionalTests", "src\Services\Identity\tests\Identity.FunctionalTests\Identity.FunctionalTests.csproj", "{7525C297-2925-4B2F-939B-FBD1261F1012}"
EndProject
Project("{2150E333-8FDC-42A3-9474-1A3956D46DE8}") = "Note", "Note", "{CF8F794D-CF53-4294-B0E7-A1440FD37A21}"
EndProject
Project("{9A19103F-16F7-4668-BE54-9A1E7A4F7556}") = "Note.API.DAL", "src\Services\Note\Note.API.DAL\Note.API.DAL.csproj", "{359789E6-3CA8-4E48-8421-E1EE39DCED1F}"
EndProject
Project("{9A19103F-16F7-4668-BE54-9A1E7A4F7556}") = "Note.API.Domain", "src\Services\Note\Note.API.Domain\Note.API.Domain.csproj", "{E7DFD90A-3B62-41EC-A0F8-30C8FB591E20}"
EndProject
Project("{9A19103F-16F7-4668-BE54-9A1E7A4F7556}") = "Note.API.Models", "src\Services\Note\Note.API.Models\Note.API.Models.csproj", "{FCBAB0E8-4F51-49D6-8112-436F94654071}"
EndProject
Project("{9A19103F-16F7-4668-BE54-9A1E7A4F7556}") = "Note.API", "src\Services\Note\Note.API\Note.API.csproj", "{BEFAA615-7B7D-4BF4-9783-FC2BDEC1A1E4}"
EndProject
Project("{2150E333-8FDC-42A3-9474-1A3956D46DE8}") = "tests", "tests", "{AF79E574-1FB6-439B-93F7-F2D01F8DBE12}"
EndProject
Project("{9A19103F-16F7-4668-BE54-9A1E7A4F7556}") = "Note.FunctionalTests", "src\Services\Note\tests\Note.FunctionalTests\Note.FunctionalTests.csproj", "{23A17532-5ED7-464A-BC0E-F4B1010150FE}"
EndProject
Project("{9A19103F-16F7-4668-BE54-9A1E7A4F7556}") = "Note.UnitTests", "src\Services\Note\tests\Note.UnitTests\Note.UnitTests.csproj", "{A5DF9A6A-D2EB-4F71-991C-7183B3D2C178}"
EndProject
Project("{2150E333-8FDC-42A3-9474-1A3956D46DE8}") = "Notification", "Notification", "{F1ABC203-ECC7-4ADF-8AD5-220951CCAC9A}"
EndProject
Project("{2150E333-8FDC-42A3-9474-1A3956D46DE8}") = "tests", "tests", "{DD948740-0895-400B-B494-720D74AEE5BF}"
EndProject
Project("{9A19103F-16F7-4668-BE54-9A1E7A4F7556}") = "Notification.API.Models", "src\Services\Notification\Notification.API.Models\Notification.API.Models.csproj", "{103D9949-26A4-4357-9054-2BA6EE5B5529}"
EndProject
Project("{9A19103F-16F7-4668-BE54-9A1E7A4F7556}") = "Notification.API.Domain", "src\Services\Notification\Notification.API.Domain\Notification.API.Domain.csproj", "{47C2B789-D269-4B48-81B8-A49F84AA3DCF}"
EndProject
Project("{9A19103F-16F7-4668-BE54-9A1E7A4F7556}") = "Notification.API.DAL", "src\Services\Notification\Notification.API.DAL\Notification.API.DAL.csproj", "{1DAD1941-727A-4026-99FB-67313A89C5EB}"
EndProject
Project("{9A19103F-16F7-4668-BE54-9A1E7A4F7556}") = "Notification.API", "src\Services\Notification\Notification.API\Notification.API.csproj", "{87AAE33F-86A4-412B-9FBF-249D9DA3A424}"
EndProject
Project("{9A19103F-16F7-4668-BE54-9A1E7A4F7556}") = "Notification.FunctionalTests", "src\Services\Notification\tests\Notification.FunctionalTests\Notification.FunctionalTests.csproj", "{AC58FC15-7EF0-438D-9C3E-8525B721A2F4}"
EndProject
Project("{9A19103F-16F7-4668-BE54-9A1E7A4F7556}") = "Notification.UnitTests", "src\Services\Notification\tests\Notification.UnitTests\Notification.UnitTests.csproj", "{266FDBA8-48A5-4D41-9CA6-06541332A53C}"
EndProject
Project("{2150E333-8FDC-42A3-9474-1A3956D46DE8}") = "FileStorage", "FileStorage", "{761417A5-64F8-4E9E-8597-01B4FA64D2F8}"
EndProject
Project("{2150E333-8FDC-42A3-9474-1A3956D46DE8}") = "tests", "tests", "{5F1F5777-1B29-4277-B451-96BC0FED4B0C}"
EndProject
Project("{9A19103F-16F7-4668-BE54-9A1E7A4F7556}") = "FileStorage.API", "src\Services\FileStorage\FileStorage.API\FileStorage.API.csproj", "{CDCC80C4-31C8-4DC7-8DE8-4AA5255BC8E2}"
EndProject
Project("{9A19103F-16F7-4668-BE54-9A1E7A4F7556}") = "FileStorage.API.FunctionalTests", "src\Services\FileStorage\tests\FileStorage.API.FunctionalTests\FileStorage.API.FunctionalTests.csproj", "{51A14D23-C38B-4FAB-8044-F11861F4487D}"
EndProject
Project("{2150E333-8FDC-42A3-9474-1A3956D46DE8}") = "PersonalCabinet", "PersonalCabinet", "{0167208D-AB6A-4E2F-AE81-75741A022B6B}"
EndProject
Project("{2150E333-8FDC-42A3-9474-1A3956D46DE8}") = "tests", "tests", "{9BD16A18-884C-4A12-875F-3CB3E13E5077}"
EndProject
Project("{9A19103F-16F7-4668-BE54-9A1E7A4F7556}") = "PersonalCabinet.API.Models", "src\Services\PersonalCabinet\PersonalCabinet.API.Models\PersonalCabinet.API.Models.csproj", "{CE60B318-17C5-496D-8561-F79BA44BF2BB}"
EndProject
Project("{9A19103F-16F7-4668-BE54-9A1E7A4F7556}") = "PersonalCabinet.API.Domain", "src\Services\PersonalCabinet\PersonalCabinet.API.Domain\PersonalCabinet.API.Domain.csproj", "{677A895A-89AF-45AD-AAED-4EF716C517F6}"
EndProject
Project("{9A19103F-16F7-4668-BE54-9A1E7A4F7556}") = "PersonalCabinet.API.DAL", "src\Services\PersonalCabinet\PersonalCabinet.API.DAL\PersonalCabinet.API.DAL.csproj", "{1E56849E-2631-4E86-BF04-D0E5AE602211}"
EndProject
Project("{9A19103F-16F7-4668-BE54-9A1E7A4F7556}") = "PersonalCabinet.API", "src\Services\PersonalCabinet\PersonalCabinet.API\PersonalCabinet.API.csproj", "{7FFE4C7E-3370-4AE4-840F-69CDC058A954}"
EndProject
Project("{9A19103F-16F7-4668-BE54-9A1E7A4F7556}") = "PersonalCabinet.FunctionalTests", "src\Services\PersonalCabinet\tests\PersonalCabinet.FunctionalTests\PersonalCabinet.FunctionalTests.csproj", "{4C80D8B2-971A-400B-AC3E-79FFA43B3CDA}"
EndProject
Project("{2150E333-8FDC-42A3-9474-1A3956D46DE8}") = "StockControl", "StockControl", "{17B094DA-9F6A-4BF5-B4A3-2BB6F974E661}"
EndProject
Project("{2150E333-8FDC-42A3-9474-1A3956D46DE8}") = "tests", "tests", "{8DB3F50C-482D-461C-A9EE-43995B654B85}"
EndProject
Project("{9A19103F-16F7-4668-BE54-9A1E7A4F7556}") = "StockControl.API.Models", "src\Services\StockControl\StockControl.API.Models\StockControl.API.Models.csproj", "{4379D530-E618-4B40-92E3-14D2DD2722CA}"
EndProject
Project("{9A19103F-16F7-4668-BE54-9A1E7A4F7556}") = "StockControl.API.Domain", "src\Services\StockControl\StockControl.API.Domain\StockControl.API.Domain.csproj", "{A468D73A-6B51-4485-9613-2F47C0F14778}"
EndProject
Project("{9A19103F-16F7-4668-BE54-9A1E7A4F7556}") = "StockControl.API.DAL", "src\Services\StockControl\StockControl.API.DAL\StockControl.API.DAL.csproj", "{EF7947B4-7BBF-426F-8E74-50745060B4C5}"
EndProject
Project("{9A19103F-16F7-4668-BE54-9A1E7A4F7556}") = "StockControl.API.BackgroundTasks", "src\Services\StockControl\StockControl.API.BackgroundTasks\StockControl.API.BackgroundTasks.csproj", "{D72DFD51-B54D-4A08-9563-D5615885AEFD}"
EndProject
Project("{9A19103F-16F7-4668-BE54-9A1E7A4F7556}") = "StockControl.API", "src\Services\StockControl\StockControl.API\StockControl.API.csproj", "{B389698A-E832-4A9B-8843-5960704002CE}"
EndProject
Project("{9A19103F-16F7-4668-BE54-9A1E7A4F7556}") = "StockControl.FunctionalTests", "src\Services\StockControl\tests\StockControl.FunctionalTests\StockControl.FunctionalTests.csproj", "{B9983F09-058B-44C9-9B79-393FA4DF4C30}"
EndProject
Project("{2150E333-8FDC-42A3-9474-1A3956D46DE8}") = "Web.Bff.StockControl", "Web.Bff.StockControl", "{AF376FED-DA47-4070-B3D2-65E1CBDB132A}"
EndProject
Project("{2150E333-8FDC-42A3-9474-1A3956D46DE8}") = "tests", "tests", "{6DD7633B-7BA6-436C-9ACC-E280ACA8D67E}"
EndProject
Project("{9A19103F-16F7-4668-BE54-9A1E7A4F7556}") = "Web.StockControl.HttpAggregator", "src\ApiGateways\Web.Bff.StockControl\Web.StockControl.HttpAggregator\Web.StockControl.HttpAggregator.csproj", "{DEFF3472-43CA-47BE-8B16-1C5D11ED5CDF}"
EndProject
Project("{9A19103F-16F7-4668-BE54-9A1E7A4F7556}") = "Web.StockControl.HttpAggregator.FunctionalTests", "src\ApiGateways\Web.Bff.StockControl\tests\Web.StockControl.HttpAggregator.FunctionalTests\Web.StockControl.HttpAggregator.FunctionalTests.csproj", "{34CAAB6B-D2DF-4C9F-9E3F-8F32F9B247EE}"
EndProject
Project("{9A19103F-16F7-4668-BE54-9A1E7A4F7556}") = "Web.StockControl.HttpAggregator.UnitTests", "src\ApiGateways\Web.Bff.StockControl\tests\Web.StockControl.HttpAggregator.UnitTests\Web.StockControl.HttpAggregator.UnitTests.csproj", "{6008DE1E-A933-4BE5-8A28-352AF2BA5977}"
EndProject
Project("{2150E333-8FDC-42A3-9474-1A3956D46DE8}") = "StockControlSPA", "StockControlSPA", "{36CC82D6-2B01-4DB3-86D5-E29C18AB67CE}"
EndProject
Project("{2150E333-8FDC-42A3-9474-1A3956D46DE8}") = "Proxy", "Proxy", "{2A8F59CB-3A6D-4AA3-B006-FFDFB1F8FAFD}"
	ProjectSection(SolutionItems) = preProject
		src\UI\StockControlSPA\Proxy\Dockerfile = src\UI\StockControlSPA\Proxy\Dockerfile
	EndProjectSection
EndProject
Project("{2150E333-8FDC-42A3-9474-1A3956D46DE8}") = "tests", "tests", "{75B9141A-53BE-4FB0-AF8E-995CEE1E230E}"
EndProject
Project("{9A19103F-16F7-4668-BE54-9A1E7A4F7556}") = "WebStockControl.API", "src\UI\StockControlSPA\WebStockControl.API\WebStockControl.API.csproj", "{F7C6938A-F8A5-43FC-8BEC-C7E45C29A3C4}"
EndProject
Project("{9A19103F-16F7-4668-BE54-9A1E7A4F7556}") = "WebStockControl.FunctionalTests", "src\UI\StockControlSPA\tests\WebStockControl.FunctionalTests\WebStockControl.FunctionalTests.csproj", "{9B8C2FE2-FFE0-4A2D-BD4A-7F1F10141F18}"
EndProject
Project("{9A19103F-16F7-4668-BE54-9A1E7A4F7556}") = "WebStockControl.UnitTests", "src\UI\StockControlSPA\tests\WebStockControl.UnitTests\WebStockControl.UnitTests.csproj", "{C0551997-8EB8-4C22-8D6E-218908DB43AD}"
EndProject
Project("{2150E333-8FDC-42A3-9474-1A3956D46DE8}") = "cert", "cert", "{A1902641-1D38-4FBB-AD27-0914E8ABC56C}"
	ProjectSection(SolutionItems) = preProject
		src\UI\StockControlSPA\Proxy\cert\localhost.crt = src\UI\StockControlSPA\Proxy\cert\localhost.crt
		src\UI\StockControlSPA\Proxy\cert\localhost.key = src\UI\StockControlSPA\Proxy\cert\localhost.key
	EndProjectSection
EndProject
Project("{2150E333-8FDC-42A3-9474-1A3956D46DE8}") = "conf", "conf", "{E2AE47EC-1761-4AAE-B65E-68F6967D62F6}"
	ProjectSection(SolutionItems) = preProject
		src\UI\StockControlSPA\Proxy\conf\nginx.conf = src\UI\StockControlSPA\Proxy\conf\nginx.conf
	EndProjectSection
EndProject
Project("{9A19103F-16F7-4668-BE54-9A1E7A4F7556}") = "WebStatus", "src\UI\WebStatus\WebStatus.csproj", "{8CA12614-F664-43F0-AB55-08ACC7382858}"
EndProject
Global
	GlobalSection(SolutionConfigurationPlatforms) = preSolution
		Debug|Any CPU = Debug|Any CPU
		Release|Any CPU = Release|Any CPU
	EndGlobalSection
	GlobalSection(ProjectConfigurationPlatforms) = postSolution
		{535A89BC-AD47-426C-BA24-47D103258893}.Debug|Any CPU.ActiveCfg = Debug|Any CPU
		{535A89BC-AD47-426C-BA24-47D103258893}.Debug|Any CPU.Build.0 = Debug|Any CPU
		{535A89BC-AD47-426C-BA24-47D103258893}.Release|Any CPU.ActiveCfg = Release|Any CPU
		{535A89BC-AD47-426C-BA24-47D103258893}.Release|Any CPU.Build.0 = Release|Any CPU
		{D7B020E9-F91E-4754-A841-B7BDDD238E99}.Debug|Any CPU.ActiveCfg = Debug|Any CPU
		{D7B020E9-F91E-4754-A841-B7BDDD238E99}.Debug|Any CPU.Build.0 = Debug|Any CPU
		{D7B020E9-F91E-4754-A841-B7BDDD238E99}.Release|Any CPU.ActiveCfg = Release|Any CPU
		{D7B020E9-F91E-4754-A841-B7BDDD238E99}.Release|Any CPU.Build.0 = Release|Any CPU
		{002C599B-4A3F-4E0A-8935-D550ACB05567}.Debug|Any CPU.ActiveCfg = Debug|Any CPU
		{002C599B-4A3F-4E0A-8935-D550ACB05567}.Debug|Any CPU.Build.0 = Debug|Any CPU
		{002C599B-4A3F-4E0A-8935-D550ACB05567}.Release|Any CPU.ActiveCfg = Release|Any CPU
		{002C599B-4A3F-4E0A-8935-D550ACB05567}.Release|Any CPU.Build.0 = Release|Any CPU
		{592050CA-C5E5-43EF-8CB5-26EBBCC0C11C}.Debug|Any CPU.ActiveCfg = Debug|Any CPU
		{592050CA-C5E5-43EF-8CB5-26EBBCC0C11C}.Debug|Any CPU.Build.0 = Debug|Any CPU
		{592050CA-C5E5-43EF-8CB5-26EBBCC0C11C}.Release|Any CPU.ActiveCfg = Release|Any CPU
		{592050CA-C5E5-43EF-8CB5-26EBBCC0C11C}.Release|Any CPU.Build.0 = Release|Any CPU
		{AB395BAA-0F5E-477E-8D71-7D39C5C92373}.Debug|Any CPU.ActiveCfg = Debug|Any CPU
		{AB395BAA-0F5E-477E-8D71-7D39C5C92373}.Debug|Any CPU.Build.0 = Debug|Any CPU
		{AB395BAA-0F5E-477E-8D71-7D39C5C92373}.Release|Any CPU.ActiveCfg = Release|Any CPU
		{AB395BAA-0F5E-477E-8D71-7D39C5C92373}.Release|Any CPU.Build.0 = Release|Any CPU
		{BD271583-68AD-4638-8C96-15B72EEF28C5}.Debug|Any CPU.ActiveCfg = Debug|Any CPU
		{BD271583-68AD-4638-8C96-15B72EEF28C5}.Debug|Any CPU.Build.0 = Debug|Any CPU
		{BD271583-68AD-4638-8C96-15B72EEF28C5}.Release|Any CPU.ActiveCfg = Release|Any CPU
		{BD271583-68AD-4638-8C96-15B72EEF28C5}.Release|Any CPU.Build.0 = Release|Any CPU
		{092CF4B4-6EBE-4473-B544-936E899DBE57}.Debug|Any CPU.ActiveCfg = Debug|Any CPU
		{092CF4B4-6EBE-4473-B544-936E899DBE57}.Debug|Any CPU.Build.0 = Debug|Any CPU
		{092CF4B4-6EBE-4473-B544-936E899DBE57}.Release|Any CPU.ActiveCfg = Release|Any CPU
		{092CF4B4-6EBE-4473-B544-936E899DBE57}.Release|Any CPU.Build.0 = Release|Any CPU
		{6ECD86D6-53B0-4B65-B399-6BA1EC92F262}.Debug|Any CPU.ActiveCfg = Debug|Any CPU
		{6ECD86D6-53B0-4B65-B399-6BA1EC92F262}.Debug|Any CPU.Build.0 = Debug|Any CPU
		{6ECD86D6-53B0-4B65-B399-6BA1EC92F262}.Release|Any CPU.ActiveCfg = Release|Any CPU
		{6ECD86D6-53B0-4B65-B399-6BA1EC92F262}.Release|Any CPU.Build.0 = Release|Any CPU
		{4D5A7F7F-B76A-4045-B224-F03FC2688CF4}.Debug|Any CPU.ActiveCfg = Debug|Any CPU
		{4D5A7F7F-B76A-4045-B224-F03FC2688CF4}.Debug|Any CPU.Build.0 = Debug|Any CPU
		{4D5A7F7F-B76A-4045-B224-F03FC2688CF4}.Release|Any CPU.ActiveCfg = Release|Any CPU
		{4D5A7F7F-B76A-4045-B224-F03FC2688CF4}.Release|Any CPU.Build.0 = Release|Any CPU
		{85DA6FE7-7AAC-42DA-9E6F-49E3BFD1C16B}.Debug|Any CPU.ActiveCfg = Debug|Any CPU
		{85DA6FE7-7AAC-42DA-9E6F-49E3BFD1C16B}.Debug|Any CPU.Build.0 = Debug|Any CPU
		{85DA6FE7-7AAC-42DA-9E6F-49E3BFD1C16B}.Release|Any CPU.ActiveCfg = Release|Any CPU
		{85DA6FE7-7AAC-42DA-9E6F-49E3BFD1C16B}.Release|Any CPU.Build.0 = Release|Any CPU
		{B6B9A326-1244-4738-A62D-C2D554AD1C4F}.Debug|Any CPU.ActiveCfg = Debug|Any CPU
		{B6B9A326-1244-4738-A62D-C2D554AD1C4F}.Debug|Any CPU.Build.0 = Debug|Any CPU
		{B6B9A326-1244-4738-A62D-C2D554AD1C4F}.Release|Any CPU.ActiveCfg = Release|Any CPU
		{B6B9A326-1244-4738-A62D-C2D554AD1C4F}.Release|Any CPU.Build.0 = Release|Any CPU
		{6D640B71-E439-4167-BA33-EFCCD9850C88}.Debug|Any CPU.ActiveCfg = Debug|Any CPU
		{6D640B71-E439-4167-BA33-EFCCD9850C88}.Debug|Any CPU.Build.0 = Debug|Any CPU
		{6D640B71-E439-4167-BA33-EFCCD9850C88}.Release|Any CPU.ActiveCfg = Release|Any CPU
		{6D640B71-E439-4167-BA33-EFCCD9850C88}.Release|Any CPU.Build.0 = Release|Any CPU
		{7525C297-2925-4B2F-939B-FBD1261F1012}.Debug|Any CPU.ActiveCfg = Debug|Any CPU
		{7525C297-2925-4B2F-939B-FBD1261F1012}.Debug|Any CPU.Build.0 = Debug|Any CPU
		{7525C297-2925-4B2F-939B-FBD1261F1012}.Release|Any CPU.ActiveCfg = Release|Any CPU
		{7525C297-2925-4B2F-939B-FBD1261F1012}.Release|Any CPU.Build.0 = Release|Any CPU
		{359789E6-3CA8-4E48-8421-E1EE39DCED1F}.Debug|Any CPU.ActiveCfg = Debug|Any CPU
		{359789E6-3CA8-4E48-8421-E1EE39DCED1F}.Debug|Any CPU.Build.0 = Debug|Any CPU
		{359789E6-3CA8-4E48-8421-E1EE39DCED1F}.Release|Any CPU.ActiveCfg = Release|Any CPU
		{359789E6-3CA8-4E48-8421-E1EE39DCED1F}.Release|Any CPU.Build.0 = Release|Any CPU
		{E7DFD90A-3B62-41EC-A0F8-30C8FB591E20}.Debug|Any CPU.ActiveCfg = Debug|Any CPU
		{E7DFD90A-3B62-41EC-A0F8-30C8FB591E20}.Debug|Any CPU.Build.0 = Debug|Any CPU
		{E7DFD90A-3B62-41EC-A0F8-30C8FB591E20}.Release|Any CPU.ActiveCfg = Release|Any CPU
		{E7DFD90A-3B62-41EC-A0F8-30C8FB591E20}.Release|Any CPU.Build.0 = Release|Any CPU
		{FCBAB0E8-4F51-49D6-8112-436F94654071}.Debug|Any CPU.ActiveCfg = Debug|Any CPU
		{FCBAB0E8-4F51-49D6-8112-436F94654071}.Debug|Any CPU.Build.0 = Debug|Any CPU
		{FCBAB0E8-4F51-49D6-8112-436F94654071}.Release|Any CPU.ActiveCfg = Release|Any CPU
		{FCBAB0E8-4F51-49D6-8112-436F94654071}.Release|Any CPU.Build.0 = Release|Any CPU
		{BEFAA615-7B7D-4BF4-9783-FC2BDEC1A1E4}.Debug|Any CPU.ActiveCfg = Debug|Any CPU
		{BEFAA615-7B7D-4BF4-9783-FC2BDEC1A1E4}.Debug|Any CPU.Build.0 = Debug|Any CPU
		{BEFAA615-7B7D-4BF4-9783-FC2BDEC1A1E4}.Release|Any CPU.ActiveCfg = Release|Any CPU
		{BEFAA615-7B7D-4BF4-9783-FC2BDEC1A1E4}.Release|Any CPU.Build.0 = Release|Any CPU
		{23A17532-5ED7-464A-BC0E-F4B1010150FE}.Debug|Any CPU.ActiveCfg = Debug|Any CPU
		{23A17532-5ED7-464A-BC0E-F4B1010150FE}.Debug|Any CPU.Build.0 = Debug|Any CPU
		{23A17532-5ED7-464A-BC0E-F4B1010150FE}.Release|Any CPU.ActiveCfg = Release|Any CPU
		{23A17532-5ED7-464A-BC0E-F4B1010150FE}.Release|Any CPU.Build.0 = Release|Any CPU
		{A5DF9A6A-D2EB-4F71-991C-7183B3D2C178}.Debug|Any CPU.ActiveCfg = Debug|Any CPU
		{A5DF9A6A-D2EB-4F71-991C-7183B3D2C178}.Debug|Any CPU.Build.0 = Debug|Any CPU
		{A5DF9A6A-D2EB-4F71-991C-7183B3D2C178}.Release|Any CPU.ActiveCfg = Release|Any CPU
		{A5DF9A6A-D2EB-4F71-991C-7183B3D2C178}.Release|Any CPU.Build.0 = Release|Any CPU
		{103D9949-26A4-4357-9054-2BA6EE5B5529}.Debug|Any CPU.ActiveCfg = Debug|Any CPU
		{103D9949-26A4-4357-9054-2BA6EE5B5529}.Debug|Any CPU.Build.0 = Debug|Any CPU
		{103D9949-26A4-4357-9054-2BA6EE5B5529}.Release|Any CPU.ActiveCfg = Release|Any CPU
		{103D9949-26A4-4357-9054-2BA6EE5B5529}.Release|Any CPU.Build.0 = Release|Any CPU
		{47C2B789-D269-4B48-81B8-A49F84AA3DCF}.Debug|Any CPU.ActiveCfg = Debug|Any CPU
		{47C2B789-D269-4B48-81B8-A49F84AA3DCF}.Debug|Any CPU.Build.0 = Debug|Any CPU
		{47C2B789-D269-4B48-81B8-A49F84AA3DCF}.Release|Any CPU.ActiveCfg = Release|Any CPU
		{47C2B789-D269-4B48-81B8-A49F84AA3DCF}.Release|Any CPU.Build.0 = Release|Any CPU
		{1DAD1941-727A-4026-99FB-67313A89C5EB}.Debug|Any CPU.ActiveCfg = Debug|Any CPU
		{1DAD1941-727A-4026-99FB-67313A89C5EB}.Debug|Any CPU.Build.0 = Debug|Any CPU
		{1DAD1941-727A-4026-99FB-67313A89C5EB}.Release|Any CPU.ActiveCfg = Release|Any CPU
		{1DAD1941-727A-4026-99FB-67313A89C5EB}.Release|Any CPU.Build.0 = Release|Any CPU
		{87AAE33F-86A4-412B-9FBF-249D9DA3A424}.Debug|Any CPU.ActiveCfg = Debug|Any CPU
		{87AAE33F-86A4-412B-9FBF-249D9DA3A424}.Debug|Any CPU.Build.0 = Debug|Any CPU
		{87AAE33F-86A4-412B-9FBF-249D9DA3A424}.Release|Any CPU.ActiveCfg = Release|Any CPU
		{87AAE33F-86A4-412B-9FBF-249D9DA3A424}.Release|Any CPU.Build.0 = Release|Any CPU
		{AC58FC15-7EF0-438D-9C3E-8525B721A2F4}.Debug|Any CPU.ActiveCfg = Debug|Any CPU
		{AC58FC15-7EF0-438D-9C3E-8525B721A2F4}.Debug|Any CPU.Build.0 = Debug|Any CPU
		{AC58FC15-7EF0-438D-9C3E-8525B721A2F4}.Release|Any CPU.ActiveCfg = Release|Any CPU
		{AC58FC15-7EF0-438D-9C3E-8525B721A2F4}.Release|Any CPU.Build.0 = Release|Any CPU
		{266FDBA8-48A5-4D41-9CA6-06541332A53C}.Debug|Any CPU.ActiveCfg = Debug|Any CPU
		{266FDBA8-48A5-4D41-9CA6-06541332A53C}.Debug|Any CPU.Build.0 = Debug|Any CPU
		{266FDBA8-48A5-4D41-9CA6-06541332A53C}.Release|Any CPU.ActiveCfg = Release|Any CPU
		{266FDBA8-48A5-4D41-9CA6-06541332A53C}.Release|Any CPU.Build.0 = Release|Any CPU
		{CDCC80C4-31C8-4DC7-8DE8-4AA5255BC8E2}.Debug|Any CPU.ActiveCfg = Debug|Any CPU
		{CDCC80C4-31C8-4DC7-8DE8-4AA5255BC8E2}.Debug|Any CPU.Build.0 = Debug|Any CPU
		{CDCC80C4-31C8-4DC7-8DE8-4AA5255BC8E2}.Release|Any CPU.ActiveCfg = Release|Any CPU
		{CDCC80C4-31C8-4DC7-8DE8-4AA5255BC8E2}.Release|Any CPU.Build.0 = Release|Any CPU
		{51A14D23-C38B-4FAB-8044-F11861F4487D}.Debug|Any CPU.ActiveCfg = Debug|Any CPU
		{51A14D23-C38B-4FAB-8044-F11861F4487D}.Debug|Any CPU.Build.0 = Debug|Any CPU
		{51A14D23-C38B-4FAB-8044-F11861F4487D}.Release|Any CPU.ActiveCfg = Release|Any CPU
		{51A14D23-C38B-4FAB-8044-F11861F4487D}.Release|Any CPU.Build.0 = Release|Any CPU
		{CE60B318-17C5-496D-8561-F79BA44BF2BB}.Debug|Any CPU.ActiveCfg = Debug|Any CPU
		{CE60B318-17C5-496D-8561-F79BA44BF2BB}.Debug|Any CPU.Build.0 = Debug|Any CPU
		{CE60B318-17C5-496D-8561-F79BA44BF2BB}.Release|Any CPU.ActiveCfg = Release|Any CPU
		{CE60B318-17C5-496D-8561-F79BA44BF2BB}.Release|Any CPU.Build.0 = Release|Any CPU
		{677A895A-89AF-45AD-AAED-4EF716C517F6}.Debug|Any CPU.ActiveCfg = Debug|Any CPU
		{677A895A-89AF-45AD-AAED-4EF716C517F6}.Debug|Any CPU.Build.0 = Debug|Any CPU
		{677A895A-89AF-45AD-AAED-4EF716C517F6}.Release|Any CPU.ActiveCfg = Release|Any CPU
		{677A895A-89AF-45AD-AAED-4EF716C517F6}.Release|Any CPU.Build.0 = Release|Any CPU
		{1E56849E-2631-4E86-BF04-D0E5AE602211}.Debug|Any CPU.ActiveCfg = Debug|Any CPU
		{1E56849E-2631-4E86-BF04-D0E5AE602211}.Debug|Any CPU.Build.0 = Debug|Any CPU
		{1E56849E-2631-4E86-BF04-D0E5AE602211}.Release|Any CPU.ActiveCfg = Release|Any CPU
		{1E56849E-2631-4E86-BF04-D0E5AE602211}.Release|Any CPU.Build.0 = Release|Any CPU
		{7FFE4C7E-3370-4AE4-840F-69CDC058A954}.Debug|Any CPU.ActiveCfg = Debug|Any CPU
		{7FFE4C7E-3370-4AE4-840F-69CDC058A954}.Debug|Any CPU.Build.0 = Debug|Any CPU
		{7FFE4C7E-3370-4AE4-840F-69CDC058A954}.Release|Any CPU.ActiveCfg = Release|Any CPU
		{7FFE4C7E-3370-4AE4-840F-69CDC058A954}.Release|Any CPU.Build.0 = Release|Any CPU
		{4C80D8B2-971A-400B-AC3E-79FFA43B3CDA}.Debug|Any CPU.ActiveCfg = Debug|Any CPU
		{4C80D8B2-971A-400B-AC3E-79FFA43B3CDA}.Debug|Any CPU.Build.0 = Debug|Any CPU
		{4C80D8B2-971A-400B-AC3E-79FFA43B3CDA}.Release|Any CPU.ActiveCfg = Release|Any CPU
		{4C80D8B2-971A-400B-AC3E-79FFA43B3CDA}.Release|Any CPU.Build.0 = Release|Any CPU
		{4379D530-E618-4B40-92E3-14D2DD2722CA}.Debug|Any CPU.ActiveCfg = Debug|Any CPU
		{4379D530-E618-4B40-92E3-14D2DD2722CA}.Debug|Any CPU.Build.0 = Debug|Any CPU
		{4379D530-E618-4B40-92E3-14D2DD2722CA}.Release|Any CPU.ActiveCfg = Release|Any CPU
		{4379D530-E618-4B40-92E3-14D2DD2722CA}.Release|Any CPU.Build.0 = Release|Any CPU
		{A468D73A-6B51-4485-9613-2F47C0F14778}.Debug|Any CPU.ActiveCfg = Debug|Any CPU
		{A468D73A-6B51-4485-9613-2F47C0F14778}.Debug|Any CPU.Build.0 = Debug|Any CPU
		{A468D73A-6B51-4485-9613-2F47C0F14778}.Release|Any CPU.ActiveCfg = Release|Any CPU
		{A468D73A-6B51-4485-9613-2F47C0F14778}.Release|Any CPU.Build.0 = Release|Any CPU
		{EF7947B4-7BBF-426F-8E74-50745060B4C5}.Debug|Any CPU.ActiveCfg = Debug|Any CPU
		{EF7947B4-7BBF-426F-8E74-50745060B4C5}.Debug|Any CPU.Build.0 = Debug|Any CPU
		{EF7947B4-7BBF-426F-8E74-50745060B4C5}.Release|Any CPU.ActiveCfg = Release|Any CPU
		{EF7947B4-7BBF-426F-8E74-50745060B4C5}.Release|Any CPU.Build.0 = Release|Any CPU
		{D72DFD51-B54D-4A08-9563-D5615885AEFD}.Debug|Any CPU.ActiveCfg = Debug|Any CPU
		{D72DFD51-B54D-4A08-9563-D5615885AEFD}.Debug|Any CPU.Build.0 = Debug|Any CPU
		{D72DFD51-B54D-4A08-9563-D5615885AEFD}.Release|Any CPU.ActiveCfg = Release|Any CPU
		{D72DFD51-B54D-4A08-9563-D5615885AEFD}.Release|Any CPU.Build.0 = Release|Any CPU
		{B389698A-E832-4A9B-8843-5960704002CE}.Debug|Any CPU.ActiveCfg = Debug|Any CPU
		{B389698A-E832-4A9B-8843-5960704002CE}.Debug|Any CPU.Build.0 = Debug|Any CPU
		{B389698A-E832-4A9B-8843-5960704002CE}.Release|Any CPU.ActiveCfg = Release|Any CPU
		{B389698A-E832-4A9B-8843-5960704002CE}.Release|Any CPU.Build.0 = Release|Any CPU
		{B9983F09-058B-44C9-9B79-393FA4DF4C30}.Debug|Any CPU.ActiveCfg = Debug|Any CPU
		{B9983F09-058B-44C9-9B79-393FA4DF4C30}.Debug|Any CPU.Build.0 = Debug|Any CPU
		{B9983F09-058B-44C9-9B79-393FA4DF4C30}.Release|Any CPU.ActiveCfg = Release|Any CPU
		{B9983F09-058B-44C9-9B79-393FA4DF4C30}.Release|Any CPU.Build.0 = Release|Any CPU
		{DEFF3472-43CA-47BE-8B16-1C5D11ED5CDF}.Debug|Any CPU.ActiveCfg = Debug|Any CPU
		{DEFF3472-43CA-47BE-8B16-1C5D11ED5CDF}.Debug|Any CPU.Build.0 = Debug|Any CPU
		{DEFF3472-43CA-47BE-8B16-1C5D11ED5CDF}.Release|Any CPU.ActiveCfg = Release|Any CPU
		{DEFF3472-43CA-47BE-8B16-1C5D11ED5CDF}.Release|Any CPU.Build.0 = Release|Any CPU
		{34CAAB6B-D2DF-4C9F-9E3F-8F32F9B247EE}.Debug|Any CPU.ActiveCfg = Debug|Any CPU
		{34CAAB6B-D2DF-4C9F-9E3F-8F32F9B247EE}.Debug|Any CPU.Build.0 = Debug|Any CPU
		{34CAAB6B-D2DF-4C9F-9E3F-8F32F9B247EE}.Release|Any CPU.ActiveCfg = Release|Any CPU
		{34CAAB6B-D2DF-4C9F-9E3F-8F32F9B247EE}.Release|Any CPU.Build.0 = Release|Any CPU
		{6008DE1E-A933-4BE5-8A28-352AF2BA5977}.Debug|Any CPU.ActiveCfg = Debug|Any CPU
		{6008DE1E-A933-4BE5-8A28-352AF2BA5977}.Debug|Any CPU.Build.0 = Debug|Any CPU
		{6008DE1E-A933-4BE5-8A28-352AF2BA5977}.Release|Any CPU.ActiveCfg = Release|Any CPU
		{6008DE1E-A933-4BE5-8A28-352AF2BA5977}.Release|Any CPU.Build.0 = Release|Any CPU
		{F7C6938A-F8A5-43FC-8BEC-C7E45C29A3C4}.Debug|Any CPU.ActiveCfg = Debug|Any CPU
		{F7C6938A-F8A5-43FC-8BEC-C7E45C29A3C4}.Debug|Any CPU.Build.0 = Debug|Any CPU
		{F7C6938A-F8A5-43FC-8BEC-C7E45C29A3C4}.Release|Any CPU.ActiveCfg = Release|Any CPU
		{F7C6938A-F8A5-43FC-8BEC-C7E45C29A3C4}.Release|Any CPU.Build.0 = Release|Any CPU
		{9B8C2FE2-FFE0-4A2D-BD4A-7F1F10141F18}.Debug|Any CPU.ActiveCfg = Debug|Any CPU
		{9B8C2FE2-FFE0-4A2D-BD4A-7F1F10141F18}.Debug|Any CPU.Build.0 = Debug|Any CPU
		{9B8C2FE2-FFE0-4A2D-BD4A-7F1F10141F18}.Release|Any CPU.ActiveCfg = Release|Any CPU
		{9B8C2FE2-FFE0-4A2D-BD4A-7F1F10141F18}.Release|Any CPU.Build.0 = Release|Any CPU
		{C0551997-8EB8-4C22-8D6E-218908DB43AD}.Debug|Any CPU.ActiveCfg = Debug|Any CPU
		{C0551997-8EB8-4C22-8D6E-218908DB43AD}.Debug|Any CPU.Build.0 = Debug|Any CPU
		{C0551997-8EB8-4C22-8D6E-218908DB43AD}.Release|Any CPU.ActiveCfg = Release|Any CPU
		{C0551997-8EB8-4C22-8D6E-218908DB43AD}.Release|Any CPU.Build.0 = Release|Any CPU
		{8CA12614-F664-43F0-AB55-08ACC7382858}.Debug|Any CPU.ActiveCfg = Debug|Any CPU
		{8CA12614-F664-43F0-AB55-08ACC7382858}.Debug|Any CPU.Build.0 = Debug|Any CPU
		{8CA12614-F664-43F0-AB55-08ACC7382858}.Release|Any CPU.ActiveCfg = Release|Any CPU
		{8CA12614-F664-43F0-AB55-08ACC7382858}.Release|Any CPU.Build.0 = Release|Any CPU
	EndGlobalSection
	GlobalSection(SolutionProperties) = preSolution
		HideSolutionNode = FALSE
	EndGlobalSection
	GlobalSection(NestedProjects) = preSolution
		{38B8D40B-C2A2-4F52-ABA4-4D8E82F98C0D} = {F70BB8CB-D2FE-43C4-8D4A-0D902759EB1D}
		{1E71149F-259F-4B4F-BF64-B027C051C0A7} = {F70BB8CB-D2FE-43C4-8D4A-0D902759EB1D}
		{8EDAF74A-105C-4150-869F-3AA893DCA1C8} = {F70BB8CB-D2FE-43C4-8D4A-0D902759EB1D}
		{07F8C415-6923-470C-A48F-30AB2CC72D1B} = {F70BB8CB-D2FE-43C4-8D4A-0D902759EB1D}
		{E6AFE859-3018-4EA6-9D14-11A98564122F} = {8EDAF74A-105C-4150-869F-3AA893DCA1C8}
		{535A89BC-AD47-426C-BA24-47D103258893} = {E6AFE859-3018-4EA6-9D14-11A98564122F}
		{1A1E7789-20DD-48DA-9C6F-E4D77F4DEB22} = {8EDAF74A-105C-4150-869F-3AA893DCA1C8}
		{D7B020E9-F91E-4754-A841-B7BDDD238E99} = {1A1E7789-20DD-48DA-9C6F-E4D77F4DEB22}
		{002C599B-4A3F-4E0A-8935-D550ACB05567} = {1A1E7789-20DD-48DA-9C6F-E4D77F4DEB22}
		{592050CA-C5E5-43EF-8CB5-26EBBCC0C11C} = {1A1E7789-20DD-48DA-9C6F-E4D77F4DEB22}
		{3E08143B-B8B7-42E4-9DE3-B12A0F6EC60C} = {1E71149F-259F-4B4F-BF64-B027C051C0A7}
		{AB395BAA-0F5E-477E-8D71-7D39C5C92373} = {3E08143B-B8B7-42E4-9DE3-B12A0F6EC60C}
		{BD271583-68AD-4638-8C96-15B72EEF28C5} = {3E08143B-B8B7-42E4-9DE3-B12A0F6EC60C}
		{092CF4B4-6EBE-4473-B544-936E899DBE57} = {3E08143B-B8B7-42E4-9DE3-B12A0F6EC60C}
		{6ECD86D6-53B0-4B65-B399-6BA1EC92F262} = {E6AFE859-3018-4EA6-9D14-11A98564122F}
		{4D5A7F7F-B76A-4045-B224-F03FC2688CF4} = {E6AFE859-3018-4EA6-9D14-11A98564122F}
		{85DA6FE7-7AAC-42DA-9E6F-49E3BFD1C16B} = {E6AFE859-3018-4EA6-9D14-11A98564122F}
		{B6B9A326-1244-4738-A62D-C2D554AD1C4F} = {E6AFE859-3018-4EA6-9D14-11A98564122F}
		{F3A422D7-0067-4EEC-A671-EF265F8D7AEA} = {1E71149F-259F-4B4F-BF64-B027C051C0A7}
		{6D640B71-E439-4167-BA33-EFCCD9850C88} = {F3A422D7-0067-4EEC-A671-EF265F8D7AEA}
		{85CDF727-4EE3-43DC-905A-9DF62279C79B} = {E6AFE859-3018-4EA6-9D14-11A98564122F}
		{7525C297-2925-4B2F-939B-FBD1261F1012} = {85CDF727-4EE3-43DC-905A-9DF62279C79B}
		{CF8F794D-CF53-4294-B0E7-A1440FD37A21} = {8EDAF74A-105C-4150-869F-3AA893DCA1C8}
		{359789E6-3CA8-4E48-8421-E1EE39DCED1F} = {CF8F794D-CF53-4294-B0E7-A1440FD37A21}
		{E7DFD90A-3B62-41EC-A0F8-30C8FB591E20} = {CF8F794D-CF53-4294-B0E7-A1440FD37A21}
		{FCBAB0E8-4F51-49D6-8112-436F94654071} = {CF8F794D-CF53-4294-B0E7-A1440FD37A21}
		{BEFAA615-7B7D-4BF4-9783-FC2BDEC1A1E4} = {CF8F794D-CF53-4294-B0E7-A1440FD37A21}
		{AF79E574-1FB6-439B-93F7-F2D01F8DBE12} = {CF8F794D-CF53-4294-B0E7-A1440FD37A21}
		{23A17532-5ED7-464A-BC0E-F4B1010150FE} = {AF79E574-1FB6-439B-93F7-F2D01F8DBE12}
		{A5DF9A6A-D2EB-4F71-991C-7183B3D2C178} = {AF79E574-1FB6-439B-93F7-F2D01F8DBE12}
		{F1ABC203-ECC7-4ADF-8AD5-220951CCAC9A} = {8EDAF74A-105C-4150-869F-3AA893DCA1C8}
		{DD948740-0895-400B-B494-720D74AEE5BF} = {F1ABC203-ECC7-4ADF-8AD5-220951CCAC9A}
		{103D9949-26A4-4357-9054-2BA6EE5B5529} = {F1ABC203-ECC7-4ADF-8AD5-220951CCAC9A}
		{47C2B789-D269-4B48-81B8-A49F84AA3DCF} = {F1ABC203-ECC7-4ADF-8AD5-220951CCAC9A}
		{1DAD1941-727A-4026-99FB-67313A89C5EB} = {F1ABC203-ECC7-4ADF-8AD5-220951CCAC9A}
		{87AAE33F-86A4-412B-9FBF-249D9DA3A424} = {F1ABC203-ECC7-4ADF-8AD5-220951CCAC9A}
		{AC58FC15-7EF0-438D-9C3E-8525B721A2F4} = {DD948740-0895-400B-B494-720D74AEE5BF}
		{266FDBA8-48A5-4D41-9CA6-06541332A53C} = {DD948740-0895-400B-B494-720D74AEE5BF}
		{761417A5-64F8-4E9E-8597-01B4FA64D2F8} = {8EDAF74A-105C-4150-869F-3AA893DCA1C8}
		{5F1F5777-1B29-4277-B451-96BC0FED4B0C} = {761417A5-64F8-4E9E-8597-01B4FA64D2F8}
		{CDCC80C4-31C8-4DC7-8DE8-4AA5255BC8E2} = {761417A5-64F8-4E9E-8597-01B4FA64D2F8}
		{51A14D23-C38B-4FAB-8044-F11861F4487D} = {5F1F5777-1B29-4277-B451-96BC0FED4B0C}
		{0167208D-AB6A-4E2F-AE81-75741A022B6B} = {8EDAF74A-105C-4150-869F-3AA893DCA1C8}
		{9BD16A18-884C-4A12-875F-3CB3E13E5077} = {0167208D-AB6A-4E2F-AE81-75741A022B6B}
		{CE60B318-17C5-496D-8561-F79BA44BF2BB} = {0167208D-AB6A-4E2F-AE81-75741A022B6B}
		{677A895A-89AF-45AD-AAED-4EF716C517F6} = {0167208D-AB6A-4E2F-AE81-75741A022B6B}
		{1E56849E-2631-4E86-BF04-D0E5AE602211} = {0167208D-AB6A-4E2F-AE81-75741A022B6B}
		{7FFE4C7E-3370-4AE4-840F-69CDC058A954} = {0167208D-AB6A-4E2F-AE81-75741A022B6B}
		{4C80D8B2-971A-400B-AC3E-79FFA43B3CDA} = {9BD16A18-884C-4A12-875F-3CB3E13E5077}
		{17B094DA-9F6A-4BF5-B4A3-2BB6F974E661} = {8EDAF74A-105C-4150-869F-3AA893DCA1C8}
		{8DB3F50C-482D-461C-A9EE-43995B654B85} = {17B094DA-9F6A-4BF5-B4A3-2BB6F974E661}
		{4379D530-E618-4B40-92E3-14D2DD2722CA} = {17B094DA-9F6A-4BF5-B4A3-2BB6F974E661}
		{A468D73A-6B51-4485-9613-2F47C0F14778} = {17B094DA-9F6A-4BF5-B4A3-2BB6F974E661}
		{EF7947B4-7BBF-426F-8E74-50745060B4C5} = {17B094DA-9F6A-4BF5-B4A3-2BB6F974E661}
		{D72DFD51-B54D-4A08-9563-D5615885AEFD} = {17B094DA-9F6A-4BF5-B4A3-2BB6F974E661}
		{B389698A-E832-4A9B-8843-5960704002CE} = {17B094DA-9F6A-4BF5-B4A3-2BB6F974E661}
		{B9983F09-058B-44C9-9B79-393FA4DF4C30} = {8DB3F50C-482D-461C-A9EE-43995B654B85}
		{AF376FED-DA47-4070-B3D2-65E1CBDB132A} = {38B8D40B-C2A2-4F52-ABA4-4D8E82F98C0D}
		{6DD7633B-7BA6-436C-9ACC-E280ACA8D67E} = {AF376FED-DA47-4070-B3D2-65E1CBDB132A}
		{DEFF3472-43CA-47BE-8B16-1C5D11ED5CDF} = {AF376FED-DA47-4070-B3D2-65E1CBDB132A}
		{34CAAB6B-D2DF-4C9F-9E3F-8F32F9B247EE} = {6DD7633B-7BA6-436C-9ACC-E280ACA8D67E}
		{6008DE1E-A933-4BE5-8A28-352AF2BA5977} = {6DD7633B-7BA6-436C-9ACC-E280ACA8D67E}
		{36CC82D6-2B01-4DB3-86D5-E29C18AB67CE} = {07F8C415-6923-470C-A48F-30AB2CC72D1B}
		{2A8F59CB-3A6D-4AA3-B006-FFDFB1F8FAFD} = {36CC82D6-2B01-4DB3-86D5-E29C18AB67CE}
		{75B9141A-53BE-4FB0-AF8E-995CEE1E230E} = {36CC82D6-2B01-4DB3-86D5-E29C18AB67CE}
		{F7C6938A-F8A5-43FC-8BEC-C7E45C29A3C4} = {36CC82D6-2B01-4DB3-86D5-E29C18AB67CE}
		{9B8C2FE2-FFE0-4A2D-BD4A-7F1F10141F18} = {75B9141A-53BE-4FB0-AF8E-995CEE1E230E}
		{C0551997-8EB8-4C22-8D6E-218908DB43AD} = {75B9141A-53BE-4FB0-AF8E-995CEE1E230E}
		{A1902641-1D38-4FBB-AD27-0914E8ABC56C} = {2A8F59CB-3A6D-4AA3-B006-FFDFB1F8FAFD}
		{E2AE47EC-1761-4AAE-B65E-68F6967D62F6} = {2A8F59CB-3A6D-4AA3-B006-FFDFB1F8FAFD}
		{8CA12614-F664-43F0-AB55-08ACC7382858} = {07F8C415-6923-470C-A48F-30AB2CC72D1B}
	EndGlobalSection
	GlobalSection(ExtensibilityGlobals) = postSolution
		SolutionGuid = {873607C5-513D-41C7-99F4-F70DE5FB1BE2}
	EndGlobalSection
EndGlobal
